
Microsoft Visual Studio Solution File, Format Version 12.00
# Visual Studio Version 17
VisualStudioVersion = 17.4.33213.308
MinimumVisualStudioVersion = 10.0.40219.1
Project("{FAE04EC0-301F-11D3-BF4B-00C04F79EFBC}") = "MarksmanshipTracker", "MarksmanshipTracker\MarksmanshipTracker.csproj", "{FCB85AF5-C092-492A-98F3-28C6869CBD62}"
EndProject
Project("{54435603-DBB4-11D2-8724-00A0C9A8B90C}") = "MarksmanshipTrackerInstaller", "MarksmanshipTrackerInstaller\MarksmanshipTrackerInstaller.vdproj", "{C715A7F1-0D13-46CE-9911-9811DD0B224A}"
EndProject
Global
	GlobalSection(SolutionConfigurationPlatforms) = preSolution
		Debug|Any CPU = Debug|Any CPU
		Debug|ARM = Debug|ARM
		Debug|ARM64 = Debug|ARM64
		Debug|x64 = Debug|x64
		Debug|x86 = Debug|x86
		Release|Any CPU = Release|Any CPU
		Release|ARM = Release|ARM
		Release|ARM64 = Release|ARM64
		Release|x64 = Release|x64
		Release|x86 = Release|x86
	EndGlobalSection
	GlobalSection(ProjectConfigurationPlatforms) = postSolution
		{FCB85AF5-C092-492A-98F3-28C6869CBD62}.Debug|Any CPU.ActiveCfg = Debug|Any CPU
		{FCB85AF5-C092-492A-98F3-28C6869CBD62}.Debug|Any CPU.Build.0 = Debug|Any CPU
		{FCB85AF5-C092-492A-98F3-28C6869CBD62}.Debug|ARM.ActiveCfg = Debug|Any CPU
		{FCB85AF5-C092-492A-98F3-28C6869CBD62}.Debug|ARM.Build.0 = Debug|Any CPU
		{FCB85AF5-C092-492A-98F3-28C6869CBD62}.Debug|ARM64.ActiveCfg = Debug|Any CPU
		{FCB85AF5-C092-492A-98F3-28C6869CBD62}.Debug|ARM64.Build.0 = Debug|Any CPU
		{FCB85AF5-C092-492A-98F3-28C6869CBD62}.Debug|x64.ActiveCfg = Debug|Any CPU
		{FCB85AF5-C092-492A-98F3-28C6869CBD62}.Debug|x64.Build.0 = Debug|Any CPU
		{FCB85AF5-C092-492A-98F3-28C6869CBD62}.Debug|x86.ActiveCfg = Debug|Any CPU
		{FCB85AF5-C092-492A-98F3-28C6869CBD62}.Debug|x86.Build.0 = Debug|Any CPU
		{FCB85AF5-C092-492A-98F3-28C6869CBD62}.Release|Any CPU.ActiveCfg = Release|Any CPU
		{FCB85AF5-C092-492A-98F3-28C6869CBD62}.Release|Any CPU.Build.0 = Release|Any CPU
		{FCB85AF5-C092-492A-98F3-28C6869CBD62}.Release|ARM.ActiveCfg = Release|Any CPU
		{FCB85AF5-C092-492A-98F3-28C6869CBD62}.Release|ARM.Build.0 = Release|Any CPU
		{FCB85AF5-C092-492A-98F3-28C6869CBD62}.Release|ARM64.ActiveCfg = Release|Any CPU
		{FCB85AF5-C092-492A-98F3-28C6869CBD62}.Release|ARM64.Build.0 = Release|Any CPU
		{FCB85AF5-C092-492A-98F3-28C6869CBD62}.Release|x64.ActiveCfg = Release|Any CPU
		{FCB85AF5-C092-492A-98F3-28C6869CBD62}.Release|x64.Build.0 = Release|Any CPU
		{FCB85AF5-C092-492A-98F3-28C6869CBD62}.Release|x86.ActiveCfg = Release|Any CPU
		{FCB85AF5-C092-492A-98F3-28C6869CBD62}.Release|x86.Build.0 = Release|Any CPU
		{C715A7F1-0D13-46CE-9911-9811DD0B224A}.Debug|Any CPU.ActiveCfg = Debug
		{C715A7F1-0D13-46CE-9911-9811DD0B224A}.Debug|ARM.ActiveCfg = Debug
		{C715A7F1-0D13-46CE-9911-9811DD0B224A}.Debug|ARM64.ActiveCfg = Debug
		{C715A7F1-0D13-46CE-9911-9811DD0B224A}.Debug|x64.ActiveCfg = Debug
		{C715A7F1-0D13-46CE-9911-9811DD0B224A}.Debug|x86.ActiveCfg = Debug
		{C715A7F1-0D13-46CE-9911-9811DD0B224A}.Release|Any CPU.ActiveCfg = Release
		{C715A7F1-0D13-46CE-9911-9811DD0B224A}.Release|Any CPU.Build.0 = Release
		{C715A7F1-0D13-46CE-9911-9811DD0B224A}.Release|ARM.ActiveCfg = Release
		{C715A7F1-0D13-46CE-9911-9811DD0B224A}.Release|ARM64.ActiveCfg = Release
		{C715A7F1-0D13-46CE-9911-9811DD0B224A}.Release|x64.ActiveCfg = Release
		{C715A7F1-0D13-46CE-9911-9811DD0B224A}.Release|x86.ActiveCfg = Release
	EndGlobalSection
	GlobalSection(SolutionProperties) = preSolution
		HideSolutionNode = FALSE
	EndGlobalSection
	GlobalSection(ExtensibilityGlobals) = postSolution
		SolutionGuid = {163FCF75-0A21-4F53-A005-43D46DDF97CE}
	EndGlobalSection
EndGlobal
